{
  "name": "@halcyontech/vscode-ibmi-types",
<<<<<<< HEAD
  "version": "2.10.0",
=======
  "version": "2.9.0",
>>>>>>> parent of 63f2308f (Merge branch 'UserSplfs' into WincoItems)
  "lockfileVersion": 3,
  "requires": true,
  "packages": {
    "": {
      "name": "@halcyontech/vscode-ibmi-types",
<<<<<<< HEAD
      "version": "2.10.0",
=======
      "version": "2.9.0",
>>>>>>> parent of 63f2308f (Merge branch 'UserSplfs' into WincoItems)
      "license": "ISC"
    }
  }
}
